// !$*UTF8*$!
{
	archiveVersion = 1;
	classes = {
	};
	objectVersion = 46;
	objects = {

/* Begin PBXBuildFile section */
		2DE712B6359968ABFEABA30A /* SteeringVC.m in Sources */ = {isa = PBXBuildFile; fileRef = 2DE71516B0B63BB649C0EF05 /* SteeringVC.m */; };
		7704128C1A5180E0001E1020 /* RBLDetailViewController.m in Sources */ = {isa = PBXBuildFile; fileRef = 7704128B1A5180E0001E1020 /* RBLDetailViewController.m */; };
		7704128F1A5181C7001E1020 /* MainVC.m in Sources */ = {isa = PBXBuildFile; fileRef = 7704128E1A5181C7001E1020 /* MainVC.m */; };
		770412921A5190CC001E1020 /* CellUuid.m in Sources */ = {isa = PBXBuildFile; fileRef = 770412911A5190CC001E1020 /* CellUuid.m */; };
		7769CDC31A50B4B9001A98B0 /* main.m in Sources */ = {isa = PBXBuildFile; fileRef = 7769CDC21A50B4B9001A98B0 /* main.m */; };
		7769CDC61A50B4B9001A98B0 /* AppDelegate.m in Sources */ = {isa = PBXBuildFile; fileRef = 7769CDC51A50B4B9001A98B0 /* AppDelegate.m */; };
		7769CDCC1A50B4B9001A98B0 /* Main.storyboard in Resources */ = {isa = PBXBuildFile; fileRef = 7769CDCA1A50B4B9001A98B0 /* Main.storyboard */; };
		7769CDCE1A50B4B9001A98B0 /* Images.xcassets in Resources */ = {isa = PBXBuildFile; fileRef = 7769CDCD1A50B4B9001A98B0 /* Images.xcassets */; };
		7769CDD11A50B4B9001A98B0 /* LaunchScreen.xib in Resources */ = {isa = PBXBuildFile; fileRef = 7769CDCF1A50B4B9001A98B0 /* LaunchScreen.xib */; };
		7769CDDD1A50B4B9001A98B0 /* SteeringWheelTests.m in Sources */ = {isa = PBXBuildFile; fileRef = 7769CDDC1A50B4B9001A98B0 /* SteeringWheelTests.m */; };
		7769CDEA1A50B555001A98B0 /* BLE.m in Sources */ = {isa = PBXBuildFile; fileRef = 7769CDE81A50B555001A98B0 /* BLE.m */; };
		7769CDF01A50B5FB001A98B0 /* SWProtocol.m in Sources */ = {isa = PBXBuildFile; fileRef = 7769CDEF1A50B5FB001A98B0 /* SWProtocol.m */; };
		7769CDF21A50B77D001A98B0 /* grant-revolution-steering-wheels.jpg in Resources */ = {isa = PBXBuildFile; fileRef = 7769CDF11A50B77D001A98B0 /* grant-revolution-steering-wheels.jpg */; };
		7769CDF51A50C159001A98B0 /* AccelerometerFilter.m in Sources */ = {isa = PBXBuildFile; fileRef = 7769CDF41A50C159001A98B0 /* AccelerometerFilter.m */; };
/* End PBXBuildFile section */

/* Begin PBXContainerItemProxy section */
		7769CDD71A50B4B9001A98B0 /* PBXContainerItemProxy */ = {
			isa = PBXContainerItemProxy;
			containerPortal = 7769CDB51A50B4B9001A98B0 /* Project object */;
			proxyType = 1;
			remoteGlobalIDString = 7769CDBC1A50B4B9001A98B0;
			remoteInfo = SteeringWheel;
		};
/* End PBXContainerItemProxy section */

/* Begin PBXFileReference section */
		2DE71516B0B63BB649C0EF05 /* SteeringVC.m */ = {isa = PBXFileReference; fileEncoding = 4; lastKnownFileType = sourcecode.c.objc; name = SteeringVC.m; path = SteeringWheelTests/SteeringVC.m; sourceTree = SOURCE_ROOT; };
		2DE71E0A14A9131109E5034A /* SteeringVC.h */ = {isa = PBXFileReference; fileEncoding = 4; lastKnownFileType = sourcecode.c.h; name = SteeringVC.h; path = SteeringWheelTests/SteeringVC.h; sourceTree = SOURCE_ROOT; };
		7704128A1A5180E0001E1020 /* RBLDetailViewController.h */ = {isa = PBXFileReference; fileEncoding = 4; lastKnownFileType = sourcecode.c.h; path = RBLDetailViewController.h; sourceTree = "<group>"; };
		7704128B1A5180E0001E1020 /* RBLDetailViewController.m */ = {isa = PBXFileReference; fileEncoding = 4; lastKnownFileType = sourcecode.c.objc; path = RBLDetailViewController.m; sourceTree = "<group>"; };
		7704128D1A5181C7001E1020 /* MainVC.h */ = {isa = PBXFileReference; fileEncoding = 4; lastKnownFileType = sourcecode.c.h; path = MainVC.h; sourceTree = "<group>"; };
		7704128E1A5181C7001E1020 /* MainVC.m */ = {isa = PBXFileReference; fileEncoding = 4; lastKnownFileType = sourcecode.c.objc; path = MainVC.m; sourceTree = "<group>"; };
		770412901A5190CC001E1020 /* CellUuid.h */ = {isa = PBXFileReference; fileEncoding = 4; lastKnownFileType = sourcecode.c.h; path = CellUuid.h; sourceTree = "<group>"; };
		770412911A5190CC001E1020 /* CellUuid.m */ = {isa = PBXFileReference; fileEncoding = 4; lastKnownFileType = sourcecode.c.objc; path = CellUuid.m; sourceTree = "<group>"; };
		7769CDBD1A50B4B9001A98B0 /* SteeringWheel.app */ = {isa = PBXFileReference; explicitFileType = wrapper.application; includeInIndex = 0; path = SteeringWheel.app; sourceTree = BUILT_PRODUCTS_DIR; };
		7769CDC11A50B4B9001A98B0 /* Info.plist */ = {isa = PBXFileReference; lastKnownFileType = text.plist.xml; path = Info.plist; sourceTree = "<group>"; };
		7769CDC21A50B4B9001A98B0 /* main.m */ = {isa = PBXFileReference; lastKnownFileType = sourcecode.c.objc; path = main.m; sourceTree = "<group>"; };
		7769CDC41A50B4B9001A98B0 /* AppDelegate.h */ = {isa = PBXFileReference; lastKnownFileType = sourcecode.c.h; path = AppDelegate.h; sourceTree = "<group>"; };
		7769CDC51A50B4B9001A98B0 /* AppDelegate.m */ = {isa = PBXFileReference; lastKnownFileType = sourcecode.c.objc; path = AppDelegate.m; sourceTree = "<group>"; };
		7769CDCB1A50B4B9001A98B0 /* Base */ = {isa = PBXFileReference; lastKnownFileType = file.storyboard; name = Base; path = Base.lproj/Main.storyboard; sourceTree = "<group>"; };
		7769CDCD1A50B4B9001A98B0 /* Images.xcassets */ = {isa = PBXFileReference; lastKnownFileType = folder.assetcatalog; path = Images.xcassets; sourceTree = "<group>"; };
		7769CDD01A50B4B9001A98B0 /* Base */ = {isa = PBXFileReference; lastKnownFileType = file.xib; name = Base; path = Base.lproj/LaunchScreen.xib; sourceTree = "<group>"; };
		7769CDD61A50B4B9001A98B0 /* SteeringWheelTests.xctest */ = {isa = PBXFileReference; explicitFileType = wrapper.cfbundle; includeInIndex = 0; path = SteeringWheelTests.xctest; sourceTree = BUILT_PRODUCTS_DIR; };
		7769CDDB1A50B4B9001A98B0 /* Info.plist */ = {isa = PBXFileReference; lastKnownFileType = text.plist.xml; path = Info.plist; sourceTree = "<group>"; };
		7769CDDC1A50B4B9001A98B0 /* SteeringWheelTests.m */ = {isa = PBXFileReference; lastKnownFileType = sourcecode.c.objc; path = SteeringWheelTests.m; sourceTree = "<group>"; };
		7769CDE71A50B555001A98B0 /* BLE.h */ = {isa = PBXFileReference; fileEncoding = 4; lastKnownFileType = sourcecode.c.h; path = BLE.h; sourceTree = "<group>"; };
		7769CDE81A50B555001A98B0 /* BLE.m */ = {isa = PBXFileReference; fileEncoding = 4; lastKnownFileType = sourcecode.c.objc; path = BLE.m; sourceTree = "<group>"; };
		7769CDE91A50B555001A98B0 /* BLEDefines.h */ = {isa = PBXFileReference; fileEncoding = 4; lastKnownFileType = sourcecode.c.h; path = BLEDefines.h; sourceTree = "<group>"; };
		7769CDEE1A50B5FB001A98B0 /* SWProtocol.h */ = {isa = PBXFileReference; fileEncoding = 4; lastKnownFileType = sourcecode.c.h; path = SWProtocol.h; sourceTree = "<group>"; };
		7769CDEF1A50B5FB001A98B0 /* SWProtocol.m */ = {isa = PBXFileReference; fileEncoding = 4; lastKnownFileType = sourcecode.c.objc; path = SWProtocol.m; sourceTree = "<group>"; };
		7769CDF11A50B77D001A98B0 /* grant-revolution-steering-wheels.jpg */ = {isa = PBXFileReference; lastKnownFileType = image.jpeg; name = "grant-revolution-steering-wheels.jpg"; path = "../../../Desktop/grant-revolution-steering-wheels.jpg"; sourceTree = "<group>"; };
		7769CDF31A50C159001A98B0 /* AccelerometerFilter.h */ = {isa = PBXFileReference; fileEncoding = 4; lastKnownFileType = sourcecode.c.h; path = AccelerometerFilter.h; sourceTree = "<group>"; };
		7769CDF41A50C159001A98B0 /* AccelerometerFilter.m */ = {isa = PBXFileReference; fileEncoding = 4; lastKnownFileType = sourcecode.c.objc; path = AccelerometerFilter.m; sourceTree = "<group>"; };
/* End PBXFileReference section */

/* Begin PBXFrameworksBuildPhase section */
		7769CDBA1A50B4B9001A98B0 /* Frameworks */ = {
			isa = PBXFrameworksBuildPhase;
			buildActionMask = 2147483647;
			files = (
			);
			runOnlyForDeploymentPostprocessing = 0;
		};
		7769CDD31A50B4B9001A98B0 /* Frameworks */ = {
			isa = PBXFrameworksBuildPhase;
			buildActionMask = 2147483647;
			files = (
			);
			runOnlyForDeploymentPostprocessing = 0;
		};
/* End PBXFrameworksBuildPhase section */

/* Begin PBXGroup section */
		7769CDB41A50B4B9001A98B0 = {
			isa = PBXGroup;
			children = (
				7769CDBF1A50B4B9001A98B0 /* SteeringWheel */,
				7769CDD91A50B4B9001A98B0 /* SteeringWheelTests */,
				7769CDBE1A50B4B9001A98B0 /* Products */,
			);
			sourceTree = "<group>";
		};
		7769CDBE1A50B4B9001A98B0 /* Products */ = {
			isa = PBXGroup;
			children = (
				7769CDBD1A50B4B9001A98B0 /* SteeringWheel.app */,
				7769CDD61A50B4B9001A98B0 /* SteeringWheelTests.xctest */,
			);
			name = Products;
			sourceTree = "<group>";
		};
		7769CDBF1A50B4B9001A98B0 /* SteeringWheel */ = {
			isa = PBXGroup;
			children = (
				7769CDC41A50B4B9001A98B0 /* AppDelegate.h */,
				7769CDC51A50B4B9001A98B0 /* AppDelegate.m */,
				7769CDCA1A50B4B9001A98B0 /* Main.storyboard */,
				7704128D1A5181C7001E1020 /* MainVC.h */,
				7704128E1A5181C7001E1020 /* MainVC.m */,
				7769CDCD1A50B4B9001A98B0 /* Images.xcassets */,
				7769CDCF1A50B4B9001A98B0 /* LaunchScreen.xib */,
				7769CDEE1A50B5FB001A98B0 /* SWProtocol.h */,
				7769CDEF1A50B5FB001A98B0 /* SWProtocol.m */,
				7769CDF31A50C159001A98B0 /* AccelerometerFilter.h */,
				7769CDF41A50C159001A98B0 /* AccelerometerFilter.m */,
				2DE71516B0B63BB649C0EF05 /* SteeringVC.m */,
				2DE71E0A14A9131109E5034A /* SteeringVC.h */,
				7769CDE61A50B555001A98B0 /* BLE */,
				7769CDC01A50B4B9001A98B0 /* Supporting Files */,
			);
			path = SteeringWheel;
			sourceTree = "<group>";
		};
		7769CDC01A50B4B9001A98B0 /* Supporting Files */ = {
			isa = PBXGroup;
			children = (
				7769CDF11A50B77D001A98B0 /* grant-revolution-steering-wheels.jpg */,
				7769CDC11A50B4B9001A98B0 /* Info.plist */,
				7769CDC21A50B4B9001A98B0 /* main.m */,
			);
			name = "Supporting Files";
			sourceTree = "<group>";
		};
		7769CDD91A50B4B9001A98B0 /* SteeringWheelTests */ = {
			isa = PBXGroup;
			children = (
				7769CDDC1A50B4B9001A98B0 /* SteeringWheelTests.m */,
				7769CDDA1A50B4B9001A98B0 /* Supporting Files */,
			);
			path = SteeringWheelTests;
			sourceTree = "<group>";
		};
		7769CDDA1A50B4B9001A98B0 /* Supporting Files */ = {
			isa = PBXGroup;
			children = (
				7769CDDB1A50B4B9001A98B0 /* Info.plist */,
			);
			name = "Supporting Files";
			sourceTree = "<group>";
		};
		7769CDE61A50B555001A98B0 /* BLE */ = {
			isa = PBXGroup;
			children = (
				7704128A1A5180E0001E1020 /* RBLDetailViewController.h */,
				7704128B1A5180E0001E1020 /* RBLDetailViewController.m */,
				7769CDE71A50B555001A98B0 /* BLE.h */,
				7769CDE81A50B555001A98B0 /* BLE.m */,
				7769CDE91A50B555001A98B0 /* BLEDefines.h */,
				770412901A5190CC001E1020 /* CellUuid.h */,
				770412911A5190CC001E1020 /* CellUuid.m */,
			);
			path = BLE;
			sourceTree = "<group>";
		};
/* End PBXGroup section */

/* Begin PBXNativeTarget section */
		7769CDBC1A50B4B9001A98B0 /* SteeringWheel */ = {
			isa = PBXNativeTarget;
			buildConfigurationList = 7769CDE01A50B4B9001A98B0 /* Build configuration list for PBXNativeTarget "SteeringWheel" */;
			buildPhases = (
				7769CDB91A50B4B9001A98B0 /* Sources */,
				7769CDBA1A50B4B9001A98B0 /* Frameworks */,
				7769CDBB1A50B4B9001A98B0 /* Resources */,
			);
			buildRules = (
			);
			dependencies = (
			);
			name = SteeringWheel;
			productName = SteeringWheel;
			productReference = 7769CDBD1A50B4B9001A98B0 /* SteeringWheel.app */;
			productType = "com.apple.product-type.application";
		};
		7769CDD51A50B4B9001A98B0 /* SteeringWheelTests */ = {
			isa = PBXNativeTarget;
			buildConfigurationList = 7769CDE31A50B4B9001A98B0 /* Build configuration list for PBXNativeTarget "SteeringWheelTests" */;
			buildPhases = (
				7769CDD21A50B4B9001A98B0 /* Sources */,
				7769CDD31A50B4B9001A98B0 /* Frameworks */,
				7769CDD41A50B4B9001A98B0 /* Resources */,
			);
			buildRules = (
			);
			dependencies = (
				7769CDD81A50B4B9001A98B0 /* PBXTargetDependency */,
			);
			name = SteeringWheelTests;
			productName = SteeringWheelTests;
			productReference = 7769CDD61A50B4B9001A98B0 /* SteeringWheelTests.xctest */;
			productType = "com.apple.product-type.bundle.unit-test";
		};
/* End PBXNativeTarget section */

/* Begin PBXProject section */
		7769CDB51A50B4B9001A98B0 /* Project object */ = {
			isa = PBXProject;
			attributes = {
				LastUpgradeCheck = 0610;
				ORGANIZATIONNAME = Phluxus;
				TargetAttributes = {
					7769CDBC1A50B4B9001A98B0 = {
						CreatedOnToolsVersion = 6.1.1;
						DevelopmentTeam = 8EXZH89K22;
						SystemCapabilities = {
							com.apple.BackgroundModes = {
								enabled = 1;
							};
						};
					};
					7769CDD51A50B4B9001A98B0 = {
						CreatedOnToolsVersion = 6.1.1;
						TestTargetID = 7769CDBC1A50B4B9001A98B0;
					};
				};
			};
			buildConfigurationList = 7769CDB81A50B4B9001A98B0 /* Build configuration list for PBXProject "SteeringWheel" */;
			compatibilityVersion = "Xcode 3.2";
			developmentRegion = English;
			hasScannedForEncodings = 0;
			knownRegions = (
				en,
				Base,
			);
			mainGroup = 7769CDB41A50B4B9001A98B0;
			productRefGroup = 7769CDBE1A50B4B9001A98B0 /* Products */;
			projectDirPath = "";
			projectRoot = "";
			targets = (
				7769CDBC1A50B4B9001A98B0 /* SteeringWheel */,
				7769CDD51A50B4B9001A98B0 /* SteeringWheelTests */,
			);
		};
/* End PBXProject section */

/* Begin PBXResourcesBuildPhase section */
		7769CDBB1A50B4B9001A98B0 /* Resources */ = {
			isa = PBXResourcesBuildPhase;
			buildActionMask = 2147483647;
			files = (
				7769CDCC1A50B4B9001A98B0 /* Main.storyboard in Resources */,
				7769CDD11A50B4B9001A98B0 /* LaunchScreen.xib in Resources */,
				7769CDF21A50B77D001A98B0 /* grant-revolution-steering-wheels.jpg in Resources */,
				7769CDCE1A50B4B9001A98B0 /* Images.xcassets in Resources */,
			);
			runOnlyForDeploymentPostprocessing = 0;
		};
		7769CDD41A50B4B9001A98B0 /* Resources */ = {
			isa = PBXResourcesBuildPhase;
			buildActionMask = 2147483647;
			files = (
			);
			runOnlyForDeploymentPostprocessing = 0;
		};
/* End PBXResourcesBuildPhase section */

/* Begin PBXSourcesBuildPhase section */
		7769CDB91A50B4B9001A98B0 /* Sources */ = {
			isa = PBXSourcesBuildPhase;
			buildActionMask = 2147483647;
			files = (
				7769CDF51A50C159001A98B0 /* AccelerometerFilter.m in Sources */,
				7704128F1A5181C7001E1020 /* MainVC.m in Sources */,
				770412921A5190CC001E1020 /* CellUuid.m in Sources */,
				7769CDC61A50B4B9001A98B0 /* AppDelegate.m in Sources */,
				7769CDC31A50B4B9001A98B0 /* main.m in Sources */,
				7769CDEA1A50B555001A98B0 /* BLE.m in Sources */,
				7704128C1A5180E0001E1020 /* RBLDetailViewController.m in Sources */,
				7769CDF01A50B5FB001A98B0 /* SWProtocol.m in Sources */,
				2DE712B6359968ABFEABA30A /* SteeringVC.m in Sources */,
			);
			runOnlyForDeploymentPostprocessing = 0;
		};
		7769CDD21A50B4B9001A98B0 /* Sources */ = {
			isa = PBXSourcesBuildPhase;
			buildActionMask = 2147483647;
			files = (
				7769CDDD1A50B4B9001A98B0 /* SteeringWheelTests.m in Sources */,
			);
			runOnlyForDeploymentPostprocessing = 0;
		};
/* End PBXSourcesBuildPhase section */

/* Begin PBXTargetDependency section */
		7769CDD81A50B4B9001A98B0 /* PBXTargetDependency */ = {
			isa = PBXTargetDependency;
			target = 7769CDBC1A50B4B9001A98B0 /* SteeringWheel */;
			targetProxy = 7769CDD71A50B4B9001A98B0 /* PBXContainerItemProxy */;
		};
/* End PBXTargetDependency section */

/* Begin PBXVariantGroup section */
		7769CDCA1A50B4B9001A98B0 /* Main.storyboard */ = {
			isa = PBXVariantGroup;
			children = (
				7769CDCB1A50B4B9001A98B0 /* Base */,
			);
			name = Main.storyboard;
			sourceTree = "<group>";
		};
		7769CDCF1A50B4B9001A98B0 /* LaunchScreen.xib */ = {
			isa = PBXVariantGroup;
			children = (
				7769CDD01A50B4B9001A98B0 /* Base */,
			);
			name = LaunchScreen.xib;
			sourceTree = "<group>";
		};
/* End PBXVariantGroup section */

/* Begin XCBuildConfiguration section */
		7769CDDE1A50B4B9001A98B0 /* Debug */ = {
			isa = XCBuildConfiguration;
			buildSettings = {
				ALWAYS_SEARCH_USER_PATHS = NO;
				CLANG_CXX_LANGUAGE_STANDARD = "gnu++0x";
				CLANG_CXX_LIBRARY = "libc++";
				CLANG_ENABLE_MODULES = YES;
				CLANG_ENABLE_OBJC_ARC = YES;
				CLANG_WARN_BOOL_CONVERSION = YES;
				CLANG_WARN_CONSTANT_CONVERSION = YES;
				CLANG_WARN_DIRECT_OBJC_ISA_USAGE = YES_ERROR;
				CLANG_WARN_EMPTY_BODY = YES;
				CLANG_WARN_ENUM_CONVERSION = YES;
				CLANG_WARN_INT_CONVERSION = YES;
				CLANG_WARN_OBJC_ROOT_CLASS = YES_ERROR;
				CLANG_WARN_UNREACHABLE_CODE = YES;
				CLANG_WARN__DUPLICATE_METHOD_MATCH = YES;
				"CODE_SIGN_IDENTITY[sdk=iphoneos*]" = "iPhone Developer";
				COPY_PHASE_STRIP = NO;
				ENABLE_STRICT_OBJC_MSGSEND = YES;
				GCC_C_LANGUAGE_STANDARD = gnu99;
				GCC_DYNAMIC_NO_PIC = NO;
				GCC_OPTIMIZATION_LEVEL = 0;
				GCC_PREPROCESSOR_DEFINITIONS = (
					"DEBUG=1",
					"$(inherited)",
				);
				GCC_SYMBOLS_PRIVATE_EXTERN = NO;
				GCC_WARN_64_TO_32_BIT_CONVERSION = YES;
				GCC_WARN_ABOUT_RETURN_TYPE = YES_ERROR;
				GCC_WARN_UNDECLARED_SELECTOR = YES;
				GCC_WARN_UNINITIALIZED_AUTOS = YES_AGGRESSIVE;
				GCC_WARN_UNUSED_FUNCTION = YES;
				GCC_WARN_UNUSED_VARIABLE = YES;
				IPHONEOS_DEPLOYMENT_TARGET = 8.1;
				MTL_ENABLE_DEBUG_INFO = YES;
				ONLY_ACTIVE_ARCH = YES;
				SDKROOT = iphoneos;
			};
			name = Debug;
		};
		7769CDDF1A50B4B9001A98B0 /* Release */ = {
			isa = XCBuildConfiguration;
			buildSettings = {
				ALWAYS_SEARCH_USER_PATHS = NO;
				CLANG_CXX_LANGUAGE_STANDARD = "gnu++0x";
				CLANG_CXX_LIBRARY = "libc++";
				CLANG_ENABLE_MODULES = YES;
				CLANG_ENABLE_OBJC_ARC = YES;
				CLANG_WARN_BOOL_CONVERSION = YES;
				CLANG_WARN_CONSTANT_CONVERSION = YES;
				CLANG_WARN_DIRECT_OBJC_ISA_USAGE = YES_ERROR;
				CLANG_WARN_EMPTY_BODY = YES;
				CLANG_WARN_ENUM_CONVERSION = YES;
				CLANG_WARN_INT_CONVERSION = YES;
				CLANG_WARN_OBJC_ROOT_CLASS = YES_ERROR;
				CLANG_WARN_UNREACHABLE_CODE = YES;
				CLANG_WARN__DUPLICATE_METHOD_MATCH = YES;
				"CODE_SIGN_IDENTITY[sdk=iphoneos*]" = "iPhone Developer";
				COPY_PHASE_STRIP = YES;
				ENABLE_NS_ASSERTIONS = NO;
				ENABLE_STRICT_OBJC_MSGSEND = YES;
				GCC_C_LANGUAGE_STANDARD = gnu99;
				GCC_WARN_64_TO_32_BIT_CONVERSION = YES;
				GCC_WARN_ABOUT_RETURN_TYPE = YES_ERROR;
				GCC_WARN_UNDECLARED_SELECTOR = YES;
				GCC_WARN_UNINITIALIZED_AUTOS = YES_AGGRESSIVE;
				GCC_WARN_UNUSED_FUNCTION = YES;
				GCC_WARN_UNUSED_VARIABLE = YES;
				IPHONEOS_DEPLOYMENT_TARGET = 8.1;
				MTL_ENABLE_DEBUG_INFO = NO;
				SDKROOT = iphoneos;
				VALIDATE_PRODUCT = YES;
			};
			name = Release;
		};
		7769CDE11A50B4B9001A98B0 /* Debug */ = {
			isa = XCBuildConfiguration;
			buildSettings = {
				ASSETCATALOG_COMPILER_APPICON_NAME = AppIcon;
				CODE_SIGN_IDENTITY = "iPhone Developer";
				INFOPLIST_FILE = SteeringWheel/Info.plist;
				IPHONEOS_DEPLOYMENT_TARGET = 7.1;
				LD_RUNPATH_SEARCH_PATHS = "$(inherited) @executable_path/Frameworks";
				PRODUCT_NAME = "$(TARGET_NAME)";
			};
			name = Debug;
		};
		7769CDE21A50B4B9001A98B0 /* Release */ = {
			isa = XCBuildConfiguration;
			buildSettings = {
				ASSETCATALOG_COMPILER_APPICON_NAME = AppIcon;
				CODE_SIGN_IDENTITY = "iPhone Developer";
				INFOPLIST_FILE = SteeringWheel/Info.plist;
				IPHONEOS_DEPLOYMENT_TARGET = 7.1;
				LD_RUNPATH_SEARCH_PATHS = "$(inherited) @executable_path/Frameworks";
				PRODUCT_NAME = "$(TARGET_NAME)";
			};
			name = Release;
		};
		7769CDE41A50B4B9001A98B0 /* Debug */ = {
			isa = XCBuildConfiguration;
			buildSettings = {
				BUNDLE_LOADER = "$(TEST_HOST)";
				FRAMEWORK_SEARCH_PATHS = (
					"$(SDKROOT)/Developer/Library/Frameworks",
					"$(inherited)",
				);
				GCC_PREPROCESSOR_DEFINITIONS = (
					"DEBUG=1",
					"$(inherited)",
				);
				INFOPLIST_FILE = SteeringWheelTests/Info.plist;
				LD_RUNPATH_SEARCH_PATHS = "$(inherited) @executable_path/Frameworks @loader_path/Frameworks";
				PRODUCT_NAME = "$(TARGET_NAME)";
				TEST_HOST = "$(BUILT_PRODUCTS_DIR)/SteeringWheel.app/SteeringWheel";
			};
			name = Debug;
		};
		7769CDE51A50B4B9001A98B0 /* Release */ = {
			isa = XCBuildConfiguration;
			buildSettings = {
				BUNDLE_LOADER = "$(TEST_HOST)";
				FRAMEWORK_SEARCH_PATHS = (
					"$(SDKROOT)/Developer/Library/Frameworks",
					"$(inherited)",
				);
				INFOPLIST_FILE = SteeringWheelTests/Info.plist;
				LD_RUNPATH_SEARCH_PATHS = "$(inherited) @executable_path/Frameworks @loader_path/Frameworks";
				PRODUCT_NAME = "$(TARGET_NAME)";
				TEST_HOST = "$(BUILT_PRODUCTS_DIR)/SteeringWheel.app/SteeringWheel";
			};
			name = Release;
		};
/* End XCBuildConfiguration section */

/* Begin XCConfigurationList section */
		7769CDB81A50B4B9001A98B0 /* Build configuration list for PBXProject "SteeringWheel" */ = {
			isa = XCConfigurationList;
			buildConfigurations = (
				7769CDDE1A50B4B9001A98B0 /* Debug */,
				7769CDDF1A50B4B9001A98B0 /* Release */,
			);
			defaultConfigurationIsVisible = 0;
			defaultConfigurationName = Release;
		};
		7769CDE01A50B4B9001A98B0 /* Build configuration list for PBXNativeTarget "SteeringWheel" */ = {
			isa = XCConfigurationList;
			buildConfigurations = (
				7769CDE11A50B4B9001A98B0 /* Debug */,
				7769CDE21A50B4B9001A98B0 /* Release */,
			);
			defaultConfigurationIsVisible = 0;
			defaultConfigurationName = Release;
		};
		7769CDE31A50B4B9001A98B0 /* Build configuration list for PBXNativeTarget "SteeringWheelTests" */ = {
			isa = XCConfigurationList;
			buildConfigurations = (
				7769CDE41A50B4B9001A98B0 /* Debug */,
				7769CDE51A50B4B9001A98B0 /* Release */,
			);
			defaultConfigurationIsVisible = 0;
			defaultConfigurationName = Release;
		};
/* End XCConfigurationList section */
	};
	rootObject = 7769CDB51A50B4B9001A98B0 /* Project object */;
}
